
Microsoft Visual Studio Solution File, Format Version 12.00
# Visual Studio Version 17
VisualStudioVersion = 17.11.35327.3
MinimumVisualStudioVersion = 10.0.40219.1
Project("{FAE04EC0-301F-11D3-BF4B-00C04F79EFBC}") = "nypOdev", "nypOdev\nypOdev.csproj", "{DD9298D3-D726-48A3-8E70-5AAC68FA3204}"
EndProject
Global
	GlobalSection(SolutionConfigurationPlatforms) = preSolution
		Debug|Any CPU = Debug|Any CPU
		Release|Any CPU = Release|Any CPU
	EndGlobalSection
	GlobalSection(ProjectConfigurationPlatforms) = postSolution
		{DD9298D3-D726-48A3-8E70-5AAC68FA3204}.Debug|Any CPU.ActiveCfg = Debug|Any CPU
		{DD9298D3-D726-48A3-8E70-5AAC68FA3204}.Debug|Any CPU.Build.0 = Debug|Any CPU
		{DD9298D3-D726-48A3-8E70-5AAC68FA3204}.Release|Any CPU.ActiveCfg = Release|Any CPU
		{DD9298D3-D726-48A3-8E70-5AAC68FA3204}.Release|Any CPU.Build.0 = Release|Any CPU
	EndGlobalSection
	GlobalSection(SolutionProperties) = preSolution
		HideSolutionNode = FALSE
	EndGlobalSection
	GlobalSection(ExtensibilityGlobals) = postSolution
		SolutionGuid = {38813279-29E4-4A68-82F7-00B7BD4AD570}
	EndGlobalSection
EndGlobal
